{
  "pins" : [
    {
      "identity" : "charts",
      "kind" : "remoteSourceControl",
      "location" : "https://github.com/danielgindi/Charts.git",
      "state" : {
        "revision" : "0a229f8c914b0ec93798cee058cf75b339297513",
        "version" : "5.0.0"
      }
    },
    {
      "identity" : "snapkit",
      "kind" : "remoteSourceControl",
      "location" : "https://github.com/SnapKit/SnapKit.git",
      "state" : {
        "revision" : "f222cbdf325885926566172f6f5f06af95473158",
        "version" : "5.6.0"
      }
    },
    {
      "identity" : "stockapplogic",
      "kind" : "remoteSourceControl",
      "location" : "https://github.com/jgulkowsky/StockAppLogic.git",
      "state" : {
        "branch" : "feature/add-files-from-monolitic-project",
        "revision" : "2e589a1f22c4911f9cad294e9dd60d6bb6b35df5"
      }
    }
  ],
  "version" : 2
}
