// !$*UTF8*$!
{
	archiveVersion = 1;
	classes = {
	};
	objectVersion = 56;
	objects = {

/* Begin PBXBuildFile section */
		E37BC0872B2C7F590065F61A /* AppDelegate.swift in Sources */ = {isa = PBXBuildFile; fileRef = E37BC0862B2C7F590065F61A /* AppDelegate.swift */; };
		E37BC0892B2C7F590065F61A /* SceneDelegate.swift in Sources */ = {isa = PBXBuildFile; fileRef = E37BC0882B2C7F590065F61A /* SceneDelegate.swift */; };
		E37BC08B2B2C7F590065F61A /* ViewController.swift in Sources */ = {isa = PBXBuildFile; fileRef = E37BC08A2B2C7F590065F61A /* ViewController.swift */; };
		E37BC0902B2C7F5A0065F61A /* Assets.xcassets in Resources */ = {isa = PBXBuildFile; fileRef = E37BC08F2B2C7F5A0065F61A /* Assets.xcassets */; };
		E37BC0932B2C7F5A0065F61A /* LaunchScreen.storyboard in Resources */ = {isa = PBXBuildFile; fileRef = E37BC0912B2C7F5A0065F61A /* LaunchScreen.storyboard */; };
		E37BC09E2B2C7F5A0065F61A /* StockAppTests.swift in Sources */ = {isa = PBXBuildFile; fileRef = E37BC09D2B2C7F5A0065F61A /* StockAppTests.swift */; };
		E37BC0A82B2C7F5B0065F61A /* StockAppUITests.swift in Sources */ = {isa = PBXBuildFile; fileRef = E37BC0A72B2C7F5B0065F61A /* StockAppUITests.swift */; };
		E37BC0AA2B2C7F5B0065F61A /* StockAppUITestsLaunchTests.swift in Sources */ = {isa = PBXBuildFile; fileRef = E37BC0A92B2C7F5B0065F61A /* StockAppUITestsLaunchTests.swift */; };
		E37BC0B72B2C82620065F61A /* Plan.swift in Sources */ = {isa = PBXBuildFile; fileRef = E37BC0B62B2C82620065F61A /* Plan.swift */; };
/* End PBXBuildFile section */

/* Begin PBXContainerItemProxy section */
		E37BC09A2B2C7F5A0065F61A /* PBXContainerItemProxy */ = {
			isa = PBXContainerItemProxy;
			containerPortal = E37BC07B2B2C7F590065F61A /* Project object */;
			proxyType = 1;
			remoteGlobalIDString = E37BC0822B2C7F590065F61A;
			remoteInfo = StockApp;
		};
		E37BC0A42B2C7F5B0065F61A /* PBXContainerItemProxy */ = {
			isa = PBXContainerItemProxy;
			containerPortal = E37BC07B2B2C7F590065F61A /* Project object */;
			proxyType = 1;
			remoteGlobalIDString = E37BC0822B2C7F590065F61A;
			remoteInfo = StockApp;
		};
/* End PBXContainerItemProxy section */

/* Begin PBXFileReference section */
		E37BC0832B2C7F590065F61A /* StockApp.app */ = {isa = PBXFileReference; explicitFileType = wrapper.application; includeInIndex = 0; path = StockApp.app; sourceTree = BUILT_PRODUCTS_DIR; };
		E37BC0862B2C7F590065F61A /* AppDelegate.swift */ = {isa = PBXFileReference; lastKnownFileType = sourcecode.swift; path = AppDelegate.swift; sourceTree = "<group>"; };
		E37BC0882B2C7F590065F61A /* SceneDelegate.swift */ = {isa = PBXFileReference; lastKnownFileType = sourcecode.swift; path = SceneDelegate.swift; sourceTree = "<group>"; };
		E37BC08A2B2C7F590065F61A /* ViewController.swift */ = {isa = PBXFileReference; lastKnownFileType = sourcecode.swift; path = ViewController.swift; sourceTree = "<group>"; };
		E37BC08F2B2C7F5A0065F61A /* Assets.xcassets */ = {isa = PBXFileReference; lastKnownFileType = folder.assetcatalog; path = Assets.xcassets; sourceTree = "<group>"; };
		E37BC0922B2C7F5A0065F61A /* Base */ = {isa = PBXFileReference; lastKnownFileType = file.storyboard; name = Base; path = Base.lproj/LaunchScreen.storyboard; sourceTree = "<group>"; };
		E37BC0942B2C7F5A0065F61A /* Info.plist */ = {isa = PBXFileReference; lastKnownFileType = text.plist.xml; path = Info.plist; sourceTree = "<group>"; };
		E37BC0992B2C7F5A0065F61A /* StockAppTests.xctest */ = {isa = PBXFileReference; explicitFileType = wrapper.cfbundle; includeInIndex = 0; path = StockAppTests.xctest; sourceTree = BUILT_PRODUCTS_DIR; };
		E37BC09D2B2C7F5A0065F61A /* StockAppTests.swift */ = {isa = PBXFileReference; lastKnownFileType = sourcecode.swift; path = StockAppTests.swift; sourceTree = "<group>"; };
		E37BC0A32B2C7F5B0065F61A /* StockAppUITests.xctest */ = {isa = PBXFileReference; explicitFileType = wrapper.cfbundle; includeInIndex = 0; path = StockAppUITests.xctest; sourceTree = BUILT_PRODUCTS_DIR; };
		E37BC0A72B2C7F5B0065F61A /* StockAppUITests.swift */ = {isa = PBXFileReference; lastKnownFileType = sourcecode.swift; path = StockAppUITests.swift; sourceTree = "<group>"; };
		E37BC0A92B2C7F5B0065F61A /* StockAppUITestsLaunchTests.swift */ = {isa = PBXFileReference; lastKnownFileType = sourcecode.swift; path = StockAppUITestsLaunchTests.swift; sourceTree = "<group>"; };
		E37BC0B62B2C82620065F61A /* Plan.swift */ = {isa = PBXFileReference; lastKnownFileType = sourcecode.swift; path = Plan.swift; sourceTree = "<group>"; };
/* End PBXFileReference section */

/* Begin PBXFrameworksBuildPhase section */
		E37BC0802B2C7F590065F61A /* Frameworks */ = {
			isa = PBXFrameworksBuildPhase;
			buildActionMask = 2147483647;
			files = (
			);
			runOnlyForDeploymentPostprocessing = 0;
		};
		E37BC0962B2C7F5A0065F61A /* Frameworks */ = {
			isa = PBXFrameworksBuildPhase;
			buildActionMask = 2147483647;
			files = (
			);
			runOnlyForDeploymentPostprocessing = 0;
		};
		E37BC0A02B2C7F5B0065F61A /* Frameworks */ = {
			isa = PBXFrameworksBuildPhase;
			buildActionMask = 2147483647;
			files = (
			);
			runOnlyForDeploymentPostprocessing = 0;
		};
/* End PBXFrameworksBuildPhase section */

/* Begin PBXGroup section */
		E37BC07A2B2C7F590065F61A = {
			isa = PBXGroup;
			children = (
				E37BC0852B2C7F590065F61A /* StockApp */,
				E37BC09C2B2C7F5A0065F61A /* StockAppTests */,
				E37BC0A62B2C7F5B0065F61A /* StockAppUITests */,
				E37BC0842B2C7F590065F61A /* Products */,
			);
			sourceTree = "<group>";
		};
		E37BC0842B2C7F590065F61A /* Products */ = {
			isa = PBXGroup;
			children = (
				E37BC0832B2C7F590065F61A /* StockApp.app */,
				E37BC0992B2C7F5A0065F61A /* StockAppTests.xctest */,
				E37BC0A32B2C7F5B0065F61A /* StockAppUITests.xctest */,
			);
			name = Products;
			sourceTree = "<group>";
		};
		E37BC0852B2C7F590065F61A /* StockApp */ = {
			isa = PBXGroup;
			children = (
				E37BC0862B2C7F590065F61A /* AppDelegate.swift */,
				E37BC0882B2C7F590065F61A /* SceneDelegate.swift */,
				E37BC08A2B2C7F590065F61A /* ViewController.swift */,
				E37BC08F2B2C7F5A0065F61A /* Assets.xcassets */,
				E37BC0912B2C7F5A0065F61A /* LaunchScreen.storyboard */,
				E37BC0942B2C7F5A0065F61A /* Info.plist */,
				E37BC0B62B2C82620065F61A /* Plan.swift */,
			);
			path = StockApp;
			sourceTree = "<group>";
		};
		E37BC09C2B2C7F5A0065F61A /* StockAppTests */ = {
			isa = PBXGroup;
			children = (
				E37BC09D2B2C7F5A0065F61A /* StockAppTests.swift */,
			);
			path = StockAppTests;
			sourceTree = "<group>";
		};
		E37BC0A62B2C7F5B0065F61A /* StockAppUITests */ = {
			isa = PBXGroup;
			children = (
				E37BC0A72B2C7F5B0065F61A /* StockAppUITests.swift */,
				E37BC0A92B2C7F5B0065F61A /* StockAppUITestsLaunchTests.swift */,
			);
			path = StockAppUITests;
			sourceTree = "<group>";
		};
/* End PBXGroup section */

/* Begin PBXNativeTarget section */
		E37BC0822B2C7F590065F61A /* StockApp */ = {
			isa = PBXNativeTarget;
			buildConfigurationList = E37BC0AD2B2C7F5B0065F61A /* Build configuration list for PBXNativeTarget "StockApp" */;
			buildPhases = (
				E37BC07F2B2C7F590065F61A /* Sources */,
				E37BC0802B2C7F590065F61A /* Frameworks */,
				E37BC0812B2C7F590065F61A /* Resources */,
			);
			buildRules = (
			);
			dependencies = (
			);
			name = StockApp;
			productName = StockApp;
			productReference = E37BC0832B2C7F590065F61A /* StockApp.app */;
			productType = "com.apple.product-type.application";
		};
		E37BC0982B2C7F5A0065F61A /* StockAppTests */ = {
			isa = PBXNativeTarget;
			buildConfigurationList = E37BC0B02B2C7F5B0065F61A /* Build configuration list for PBXNativeTarget "StockAppTests" */;
			buildPhases = (
				E37BC0952B2C7F5A0065F61A /* Sources */,
				E37BC0962B2C7F5A0065F61A /* Frameworks */,
				E37BC0972B2C7F5A0065F61A /* Resources */,
			);
			buildRules = (
			);
			dependencies = (
				E37BC09B2B2C7F5A0065F61A /* PBXTargetDependency */,
			);
			name = StockAppTests;
			productName = StockAppTests;
			productReference = E37BC0992B2C7F5A0065F61A /* StockAppTests.xctest */;
			productType = "com.apple.product-type.bundle.unit-test";
		};
		E37BC0A22B2C7F5B0065F61A /* StockAppUITests */ = {
			isa = PBXNativeTarget;
			buildConfigurationList = E37BC0B32B2C7F5B0065F61A /* Build configuration list for PBXNativeTarget "StockAppUITests" */;
			buildPhases = (
				E37BC09F2B2C7F5B0065F61A /* Sources */,
				E37BC0A02B2C7F5B0065F61A /* Frameworks */,
				E37BC0A12B2C7F5B0065F61A /* Resources */,
			);
			buildRules = (
			);
			dependencies = (
				E37BC0A52B2C7F5B0065F61A /* PBXTargetDependency */,
			);
			name = StockAppUITests;
			productName = StockAppUITests;
			productReference = E37BC0A32B2C7F5B0065F61A /* StockAppUITests.xctest */;
			productType = "com.apple.product-type.bundle.ui-testing";
		};
/* End PBXNativeTarget section */

/* Begin PBXProject section */
		E37BC07B2B2C7F590065F61A /* Project object */ = {
			isa = PBXProject;
			attributes = {
				BuildIndependentTargetsInParallel = 1;
				LastSwiftUpdateCheck = 1420;
				LastUpgradeCheck = 1420;
				TargetAttributes = {
					E37BC0822B2C7F590065F61A = {
						CreatedOnToolsVersion = 14.2;
					};
					E37BC0982B2C7F5A0065F61A = {
						CreatedOnToolsVersion = 14.2;
						TestTargetID = E37BC0822B2C7F590065F61A;
					};
					E37BC0A22B2C7F5B0065F61A = {
						CreatedOnToolsVersion = 14.2;
						TestTargetID = E37BC0822B2C7F590065F61A;
					};
				};
			};
			buildConfigurationList = E37BC07E2B2C7F590065F61A /* Build configuration list for PBXProject "StockApp" */;
			compatibilityVersion = "Xcode 14.0";
			developmentRegion = en;
			hasScannedForEncodings = 0;
			knownRegions = (
				en,
				Base,
			);
			mainGroup = E37BC07A2B2C7F590065F61A;
			productRefGroup = E37BC0842B2C7F590065F61A /* Products */;
			projectDirPath = "";
			projectRoot = "";
			targets = (
				E37BC0822B2C7F590065F61A /* StockApp */,
				E37BC0982B2C7F5A0065F61A /* StockAppTests */,
				E37BC0A22B2C7F5B0065F61A /* StockAppUITests */,
			);
		};
/* End PBXProject section */

/* Begin PBXResourcesBuildPhase section */
		E37BC0812B2C7F590065F61A /* Resources */ = {
			isa = PBXResourcesBuildPhase;
			buildActionMask = 2147483647;
			files = (
				E37BC0932B2C7F5A0065F61A /* LaunchScreen.storyboard in Resources */,
				E37BC0902B2C7F5A0065F61A /* Assets.xcassets in Resources */,
			);
			runOnlyForDeploymentPostprocessing = 0;
		};
		E37BC0972B2C7F5A0065F61A /* Resources */ = {
			isa = PBXResourcesBuildPhase;
			buildActionMask = 2147483647;
			files = (
			);
			runOnlyForDeploymentPostprocessing = 0;
		};
		E37BC0A12B2C7F5B0065F61A /* Resources */ = {
			isa = PBXResourcesBuildPhase;
			buildActionMask = 2147483647;
			files = (
			);
			runOnlyForDeploymentPostprocessing = 0;
		};
/* End PBXResourcesBuildPhase section */

/* Begin PBXSourcesBuildPhase section */
		E37BC07F2B2C7F590065F61A /* Sources */ = {
			isa = PBXSourcesBuildPhase;
			buildActionMask = 2147483647;
			files = (
				E37BC0B72B2C82620065F61A /* Plan.swift in Sources */,
				E37BC08B2B2C7F590065F61A /* ViewController.swift in Sources */,
				E37BC0872B2C7F590065F61A /* AppDelegate.swift in Sources */,
				E37BC0892B2C7F590065F61A /* SceneDelegate.swift in Sources */,
			);
			runOnlyForDeploymentPostprocessing = 0;
		};
		E37BC0952B2C7F5A0065F61A /* Sources */ = {
			isa = PBXSourcesBuildPhase;
			buildActionMask = 2147483647;
			files = (
				E37BC09E2B2C7F5A0065F61A /* StockAppTests.swift in Sources */,
			);
			runOnlyForDeploymentPostprocessing = 0;
		};
		E37BC09F2B2C7F5B0065F61A /* Sources */ = {
			isa = PBXSourcesBuildPhase;
			buildActionMask = 2147483647;
			files = (
				E37BC0AA2B2C7F5B0065F61A /* StockAppUITestsLaunchTests.swift in Sources */,
				E37BC0A82B2C7F5B0065F61A /* StockAppUITests.swift in Sources */,
			);
			runOnlyForDeploymentPostprocessing = 0;
		};
/* End PBXSourcesBuildPhase section */

/* Begin PBXTargetDependency section */
		E37BC09B2B2C7F5A0065F61A /* PBXTargetDependency */ = {
			isa = PBXTargetDependency;
			target = E37BC0822B2C7F590065F61A /* StockApp */;
			targetProxy = E37BC09A2B2C7F5A0065F61A /* PBXContainerItemProxy */;
		};
		E37BC0A52B2C7F5B0065F61A /* PBXTargetDependency */ = {
			isa = PBXTargetDependency;
			target = E37BC0822B2C7F590065F61A /* StockApp */;
			targetProxy = E37BC0A42B2C7F5B0065F61A /* PBXContainerItemProxy */;
		};
/* End PBXTargetDependency section */

/* Begin PBXVariantGroup section */
		E37BC0912B2C7F5A0065F61A /* LaunchScreen.storyboard */ = {
			isa = PBXVariantGroup;
			children = (
				E37BC0922B2C7F5A0065F61A /* Base */,
			);
			name = LaunchScreen.storyboard;
			sourceTree = "<group>";
		};
/* End PBXVariantGroup section */

/* Begin XCBuildConfiguration section */
		E37BC0AB2B2C7F5B0065F61A /* Debug */ = {
			isa = XCBuildConfiguration;
			buildSettings = {
				ALWAYS_SEARCH_USER_PATHS = NO;
				CLANG_ANALYZER_NONNULL = YES;
				CLANG_ANALYZER_NUMBER_OBJECT_CONVERSION = YES_AGGRESSIVE;
				CLANG_CXX_LANGUAGE_STANDARD = "gnu++20";
				CLANG_ENABLE_MODULES = YES;
				CLANG_ENABLE_OBJC_ARC = YES;
				CLANG_ENABLE_OBJC_WEAK = YES;
				CLANG_WARN_BLOCK_CAPTURE_AUTORELEASING = YES;
				CLANG_WARN_BOOL_CONVERSION = YES;
				CLANG_WARN_COMMA = YES;
				CLANG_WARN_CONSTANT_CONVERSION = YES;
				CLANG_WARN_DEPRECATED_OBJC_IMPLEMENTATIONS = YES;
				CLANG_WARN_DIRECT_OBJC_ISA_USAGE = YES_ERROR;
				CLANG_WARN_DOCUMENTATION_COMMENTS = YES;
				CLANG_WARN_EMPTY_BODY = YES;
				CLANG_WARN_ENUM_CONVERSION = YES;
				CLANG_WARN_INFINITE_RECURSION = YES;
				CLANG_WARN_INT_CONVERSION = YES;
				CLANG_WARN_NON_LITERAL_NULL_CONVERSION = YES;
				CLANG_WARN_OBJC_IMPLICIT_RETAIN_SELF = YES;
				CLANG_WARN_OBJC_LITERAL_CONVERSION = YES;
				CLANG_WARN_OBJC_ROOT_CLASS = YES_ERROR;
				CLANG_WARN_QUOTED_INCLUDE_IN_FRAMEWORK_HEADER = YES;
				CLANG_WARN_RANGE_LOOP_ANALYSIS = YES;
				CLANG_WARN_STRICT_PROTOTYPES = YES;
				CLANG_WARN_SUSPICIOUS_MOVE = YES;
				CLANG_WARN_UNGUARDED_AVAILABILITY = YES_AGGRESSIVE;
				CLANG_WARN_UNREACHABLE_CODE = YES;
				CLANG_WARN__DUPLICATE_METHOD_MATCH = YES;
				COPY_PHASE_STRIP = NO;
				DEBUG_INFORMATION_FORMAT = dwarf;
				ENABLE_STRICT_OBJC_MSGSEND = YES;
				ENABLE_TESTABILITY = YES;
				GCC_C_LANGUAGE_STANDARD = gnu11;
				GCC_DYNAMIC_NO_PIC = NO;
				GCC_NO_COMMON_BLOCKS = YES;
				GCC_OPTIMIZATION_LEVEL = 0;
				GCC_PREPROCESSOR_DEFINITIONS = (
					"DEBUG=1",
					"$(inherited)",
				);
				GCC_WARN_64_TO_32_BIT_CONVERSION = YES;
				GCC_WARN_ABOUT_RETURN_TYPE = YES_ERROR;
				GCC_WARN_UNDECLARED_SELECTOR = YES;
				GCC_WARN_UNINITIALIZED_AUTOS = YES_AGGRESSIVE;
				GCC_WARN_UNUSED_FUNCTION = YES;
				GCC_WARN_UNUSED_VARIABLE = YES;
				IPHONEOS_DEPLOYMENT_TARGET = 16.2;
				MTL_ENABLE_DEBUG_INFO = INCLUDE_SOURCE;
				MTL_FAST_MATH = YES;
				ONLY_ACTIVE_ARCH = YES;
				SDKROOT = iphoneos;
				SWIFT_ACTIVE_COMPILATION_CONDITIONS = DEBUG;
				SWIFT_OPTIMIZATION_LEVEL = "-Onone";
			};
			name = Debug;
		};
		E37BC0AC2B2C7F5B0065F61A /* Release */ = {
			isa = XCBuildConfiguration;
			buildSettings = {
				ALWAYS_SEARCH_USER_PATHS = NO;
				CLANG_ANALYZER_NONNULL = YES;
				CLANG_ANALYZER_NUMBER_OBJECT_CONVERSION = YES_AGGRESSIVE;
				CLANG_CXX_LANGUAGE_STANDARD = "gnu++20";
				CLANG_ENABLE_MODULES = YES;
				CLANG_ENABLE_OBJC_ARC = YES;
				CLANG_ENABLE_OBJC_WEAK = YES;
				CLANG_WARN_BLOCK_CAPTURE_AUTORELEASING = YES;
				CLANG_WARN_BOOL_CONVERSION = YES;
				CLANG_WARN_COMMA = YES;
				CLANG_WARN_CONSTANT_CONVERSION = YES;
				CLANG_WARN_DEPRECATED_OBJC_IMPLEMENTATIONS = YES;
				CLANG_WARN_DIRECT_OBJC_ISA_USAGE = YES_ERROR;
				CLANG_WARN_DOCUMENTATION_COMMENTS = YES;
				CLANG_WARN_EMPTY_BODY = YES;
				CLANG_WARN_ENUM_CONVERSION = YES;
				CLANG_WARN_INFINITE_RECURSION = YES;
				CLANG_WARN_INT_CONVERSION = YES;
				CLANG_WARN_NON_LITERAL_NULL_CONVERSION = YES;
				CLANG_WARN_OBJC_IMPLICIT_RETAIN_SELF = YES;
				CLANG_WARN_OBJC_LITERAL_CONVERSION = YES;
				CLANG_WARN_OBJC_ROOT_CLASS = YES_ERROR;
				CLANG_WARN_QUOTED_INCLUDE_IN_FRAMEWORK_HEADER = YES;
				CLANG_WARN_RANGE_LOOP_ANALYSIS = YES;
				CLANG_WARN_STRICT_PROTOTYPES = YES;
				CLANG_WARN_SUSPICIOUS_MOVE = YES;
				CLANG_WARN_UNGUARDED_AVAILABILITY = YES_AGGRESSIVE;
				CLANG_WARN_UNREACHABLE_CODE = YES;
				CLANG_WARN__DUPLICATE_METHOD_MATCH = YES;
				COPY_PHASE_STRIP = NO;
				DEBUG_INFORMATION_FORMAT = "dwarf-with-dsym";
				ENABLE_NS_ASSERTIONS = NO;
				ENABLE_STRICT_OBJC_MSGSEND = YES;
				GCC_C_LANGUAGE_STANDARD = gnu11;
				GCC_NO_COMMON_BLOCKS = YES;
				GCC_WARN_64_TO_32_BIT_CONVERSION = YES;
				GCC_WARN_ABOUT_RETURN_TYPE = YES_ERROR;
				GCC_WARN_UNDECLARED_SELECTOR = YES;
				GCC_WARN_UNINITIALIZED_AUTOS = YES_AGGRESSIVE;
				GCC_WARN_UNUSED_FUNCTION = YES;
				GCC_WARN_UNUSED_VARIABLE = YES;
				IPHONEOS_DEPLOYMENT_TARGET = 16.2;
				MTL_ENABLE_DEBUG_INFO = NO;
				MTL_FAST_MATH = YES;
				SDKROOT = iphoneos;
				SWIFT_COMPILATION_MODE = wholemodule;
				SWIFT_OPTIMIZATION_LEVEL = "-O";
				VALIDATE_PRODUCT = YES;
			};
			name = Release;
		};
		E37BC0AE2B2C7F5B0065F61A /* Debug */ = {
			isa = XCBuildConfiguration;
			buildSettings = {
				ASSETCATALOG_COMPILER_APPICON_NAME = AppIcon;
				ASSETCATALOG_COMPILER_GLOBAL_ACCENT_COLOR_NAME = AccentColor;
				CODE_SIGN_STYLE = Automatic;
				CURRENT_PROJECT_VERSION = 1;
				DEVELOPMENT_TEAM = TMTU5R2HJY;
				GENERATE_INFOPLIST_FILE = YES;
				INFOPLIST_FILE = StockApp/Info.plist;
				INFOPLIST_KEY_UIApplicationSupportsIndirectInputEvents = YES;
				INFOPLIST_KEY_UILaunchStoryboardName = LaunchScreen;
				INFOPLIST_KEY_UISupportedInterfaceOrientations_iPad = "UIInterfaceOrientationPortrait UIInterfaceOrientationPortraitUpsideDown UIInterfaceOrientationLandscapeLeft UIInterfaceOrientationLandscapeRight";
				INFOPLIST_KEY_UISupportedInterfaceOrientations_iPhone = "UIInterfaceOrientationPortrait UIInterfaceOrientationLandscapeLeft UIInterfaceOrientationLandscapeRight";
				LD_RUNPATH_SEARCH_PATHS = (
					"$(inherited)",
					"@executable_path/Frameworks",
				);
				MARKETING_VERSION = 1.0;
				PRODUCT_BUNDLE_IDENTIFIER = jgulkowsky.StockApp;
				PRODUCT_NAME = "$(TARGET_NAME)";
				SWIFT_EMIT_LOC_STRINGS = YES;
				SWIFT_VERSION = 5.0;
				TARGETED_DEVICE_FAMILY = "1,2";
			};
			name = Debug;
		};
		E37BC0AF2B2C7F5B0065F61A /* Release */ = {
			isa = XCBuildConfiguration;
			buildSettings = {
				ASSETCATALOG_COMPILER_APPICON_NAME = AppIcon;
				ASSETCATALOG_COMPILER_GLOBAL_ACCENT_COLOR_NAME = AccentColor;
				CODE_SIGN_STYLE = Automatic;
				CURRENT_PROJECT_VERSION = 1;
				DEVELOPMENT_TEAM = TMTU5R2HJY;
				GENERATE_INFOPLIST_FILE = YES;
				INFOPLIST_FILE = StockApp/Info.plist;
				INFOPLIST_KEY_UIApplicationSupportsIndirectInputEvents = YES;
				INFOPLIST_KEY_UILaunchStoryboardName = LaunchScreen;
				INFOPLIST_KEY_UISupportedInterfaceOrientations_iPad = "UIInterfaceOrientationPortrait UIInterfaceOrientationPortraitUpsideDown UIInterfaceOrientationLandscapeLeft UIInterfaceOrientationLandscapeRight";
				INFOPLIST_KEY_UISupportedInterfaceOrientations_iPhone = "UIInterfaceOrientationPortrait UIInterfaceOrientationLandscapeLeft UIInterfaceOrientationLandscapeRight";
				LD_RUNPATH_SEARCH_PATHS = (
					"$(inherited)",
					"@executable_path/Frameworks",
				);
				MARKETING_VERSION = 1.0;
				PRODUCT_BUNDLE_IDENTIFIER = jgulkowsky.StockApp;
				PRODUCT_NAME = "$(TARGET_NAME)";
				SWIFT_EMIT_LOC_STRINGS = YES;
				SWIFT_VERSION = 5.0;
				TARGETED_DEVICE_FAMILY = "1,2";
			};
			name = Release;
		};
		E37BC0B12B2C7F5B0065F61A /* Debug */ = {
			isa = XCBuildConfiguration;
			buildSettings = {
				ALWAYS_EMBED_SWIFT_STANDARD_LIBRARIES = YES;
				BUNDLE_LOADER = "$(TEST_HOST)";
				CODE_SIGN_STYLE = Automatic;
				CURRENT_PROJECT_VERSION = 1;
				DEVELOPMENT_TEAM = TMTU5R2HJY;
				GENERATE_INFOPLIST_FILE = YES;
				IPHONEOS_DEPLOYMENT_TARGET = 16.2;
				MARKETING_VERSION = 1.0;
				PRODUCT_BUNDLE_IDENTIFIER = jgulkowsky.StockAppTests;
				PRODUCT_NAME = "$(TARGET_NAME)";
				SWIFT_EMIT_LOC_STRINGS = NO;
				SWIFT_VERSION = 5.0;
				TARGETED_DEVICE_FAMILY = "1,2";
				TEST_HOST = "$(BUILT_PRODUCTS_DIR)/StockApp.app/$(BUNDLE_EXECUTABLE_FOLDER_PATH)/StockApp";
			};
			name = Debug;
		};
		E37BC0B22B2C7F5B0065F61A /* Release */ = {
			isa = XCBuildConfiguration;
			buildSettings = {
				ALWAYS_EMBED_SWIFT_STANDARD_LIBRARIES = YES;
				BUNDLE_LOADER = "$(TEST_HOST)";
				CODE_SIGN_STYLE = Automatic;
				CURRENT_PROJECT_VERSION = 1;
				DEVELOPMENT_TEAM = TMTU5R2HJY;
				GENERATE_INFOPLIST_FILE = YES;
				IPHONEOS_DEPLOYMENT_TARGET = 16.2;
				MARKETING_VERSION = 1.0;
				PRODUCT_BUNDLE_IDENTIFIER = jgulkowsky.StockAppTests;
				PRODUCT_NAME = "$(TARGET_NAME)";
				SWIFT_EMIT_LOC_STRINGS = NO;
				SWIFT_VERSION = 5.0;
				TARGETED_DEVICE_FAMILY = "1,2";
				TEST_HOST = "$(BUILT_PRODUCTS_DIR)/StockApp.app/$(BUNDLE_EXECUTABLE_FOLDER_PATH)/StockApp";
			};
			name = Release;
		};
		E37BC0B42B2C7F5B0065F61A /* Debug */ = {
			isa = XCBuildConfiguration;
			buildSettings = {
				ALWAYS_EMBED_SWIFT_STANDARD_LIBRARIES = YES;
				CODE_SIGN_STYLE = Automatic;
				CURRENT_PROJECT_VERSION = 1;
				DEVELOPMENT_TEAM = TMTU5R2HJY;
				GENERATE_INFOPLIST_FILE = YES;
				MARKETING_VERSION = 1.0;
				PRODUCT_BUNDLE_IDENTIFIER = jgulkowsky.StockAppUITests;
				PRODUCT_NAME = "$(TARGET_NAME)";
				SWIFT_EMIT_LOC_STRINGS = NO;
				SWIFT_VERSION = 5.0;
				TARGETED_DEVICE_FAMILY = "1,2";
				TEST_TARGET_NAME = StockApp;
			};
			name = Debug;
		};
		E37BC0B52B2C7F5B0065F61A /* Release */ = {
			isa = XCBuildConfiguration;
			buildSettings = {
				ALWAYS_EMBED_SWIFT_STANDARD_LIBRARIES = YES;
				CODE_SIGN_STYLE = Automatic;
				CURRENT_PROJECT_VERSION = 1;
				DEVELOPMENT_TEAM = TMTU5R2HJY;
				GENERATE_INFOPLIST_FILE = YES;
				MARKETING_VERSION = 1.0;
				PRODUCT_BUNDLE_IDENTIFIER = jgulkowsky.StockAppUITests;
				PRODUCT_NAME = "$(TARGET_NAME)";
				SWIFT_EMIT_LOC_STRINGS = NO;
				SWIFT_VERSION = 5.0;
				TARGETED_DEVICE_FAMILY = "1,2";
				TEST_TARGET_NAME = StockApp;
			};
			name = Release;
		};
/* End XCBuildConfiguration section */

/* Begin XCConfigurationList section */
		E37BC07E2B2C7F590065F61A /* Build configuration list for PBXProject "StockApp" */ = {
			isa = XCConfigurationList;
			buildConfigurations = (
				E37BC0AB2B2C7F5B0065F61A /* Debug */,
				E37BC0AC2B2C7F5B0065F61A /* Release */,
			);
			defaultConfigurationIsVisible = 0;
			defaultConfigurationName = Release;
		};
		E37BC0AD2B2C7F5B0065F61A /* Build configuration list for PBXNativeTarget "StockApp" */ = {
			isa = XCConfigurationList;
			buildConfigurations = (
				E37BC0AE2B2C7F5B0065F61A /* Debug */,
				E37BC0AF2B2C7F5B0065F61A /* Release */,
			);
			defaultConfigurationIsVisible = 0;
			defaultConfigurationName = Release;
		};
		E37BC0B02B2C7F5B0065F61A /* Build configuration list for PBXNativeTarget "StockAppTests" */ = {
			isa = XCConfigurationList;
			buildConfigurations = (
				E37BC0B12B2C7F5B0065F61A /* Debug */,
				E37BC0B22B2C7F5B0065F61A /* Release */,
			);
			defaultConfigurationIsVisible = 0;
			defaultConfigurationName = Release;
		};
		E37BC0B32B2C7F5B0065F61A /* Build configuration list for PBXNativeTarget "StockAppUITests" */ = {
			isa = XCConfigurationList;
			buildConfigurations = (
				E37BC0B42B2C7F5B0065F61A /* Debug */,
				E37BC0B52B2C7F5B0065F61A /* Release */,
			);
			defaultConfigurationIsVisible = 0;
			defaultConfigurationName = Release;
		};
/* End XCConfigurationList section */
	};
	rootObject = E37BC07B2B2C7F590065F61A /* Project object */;
}
